// !$*UTF8*$!
{
	archiveVersion = 1;
	classes = {
	};
	objectVersion = 50;
	objects = {

/* Begin PBXBuildFile section */
		FB95C64D24644D83002C7E83 /* AppDelegate.swift in Sources */ = {isa = PBXBuildFile; fileRef = FB95C64C24644D83002C7E83 /* AppDelegate.swift */; };
		FB95C64F24644D83002C7E83 /* SceneDelegate.swift in Sources */ = {isa = PBXBuildFile; fileRef = FB95C64E24644D83002C7E83 /* SceneDelegate.swift */; };
		FB95C65124644D83002C7E83 /* ViewController.swift in Sources */ = {isa = PBXBuildFile; fileRef = FB95C65024644D83002C7E83 /* ViewController.swift */; };
		FB95C65424644D83002C7E83 /* Main.storyboard in Resources */ = {isa = PBXBuildFile; fileRef = FB95C65224644D83002C7E83 /* Main.storyboard */; };
		FB95C65624644D85002C7E83 /* Assets.xcassets in Resources */ = {isa = PBXBuildFile; fileRef = FB95C65524644D85002C7E83 /* Assets.xcassets */; };
		FB95C65924644D85002C7E83 /* LaunchScreen.storyboard in Resources */ = {isa = PBXBuildFile; fileRef = FB95C65724644D85002C7E83 /* LaunchScreen.storyboard */; };
		FB95C66424644D85002C7E83 /* weatherAppTests.swift in Sources */ = {isa = PBXBuildFile; fileRef = FB95C66324644D85002C7E83 /* weatherAppTests.swift */; };
		FB95C66F24644D85002C7E83 /* weatherAppUITests.swift in Sources */ = {isa = PBXBuildFile; fileRef = FB95C66E24644D85002C7E83 /* weatherAppUITests.swift */; };
		FB95C67D246B220F002C7E83 /* unnamed.png in Resources */ = {isa = PBXBuildFile; fileRef = FB95C67C246B220F002C7E83 /* unnamed.png */; };
/* End PBXBuildFile section */

/* Begin PBXContainerItemProxy section */
		FB95C66024644D85002C7E83 /* PBXContainerItemProxy */ = {
			isa = PBXContainerItemProxy;
			containerPortal = FB95C64124644D83002C7E83 /* Project object */;
			proxyType = 1;
			remoteGlobalIDString = FB95C64824644D83002C7E83;
			remoteInfo = weatherApp;
		};
		FB95C66B24644D85002C7E83 /* PBXContainerItemProxy */ = {
			isa = PBXContainerItemProxy;
			containerPortal = FB95C64124644D83002C7E83 /* Project object */;
			proxyType = 1;
			remoteGlobalIDString = FB95C64824644D83002C7E83;
			remoteInfo = weatherApp;
		};
/* End PBXContainerItemProxy section */

/* Begin PBXFileReference section */
		FB95C64924644D83002C7E83 /* weatherApp.app */ = {isa = PBXFileReference; explicitFileType = wrapper.application; includeInIndex = 0; path = weatherApp.app; sourceTree = BUILT_PRODUCTS_DIR; };
		FB95C64C24644D83002C7E83 /* AppDelegate.swift */ = {isa = PBXFileReference; lastKnownFileType = sourcecode.swift; path = AppDelegate.swift; sourceTree = "<group>"; };
		FB95C64E24644D83002C7E83 /* SceneDelegate.swift */ = {isa = PBXFileReference; lastKnownFileType = sourcecode.swift; path = SceneDelegate.swift; sourceTree = "<group>"; };
		FB95C65024644D83002C7E83 /* ViewController.swift */ = {isa = PBXFileReference; lastKnownFileType = sourcecode.swift; path = ViewController.swift; sourceTree = "<group>"; };
		FB95C65324644D83002C7E83 /* Base */ = {isa = PBXFileReference; lastKnownFileType = file.storyboard; name = Base; path = Base.lproj/Main.storyboard; sourceTree = "<group>"; };
		FB95C65524644D85002C7E83 /* Assets.xcassets */ = {isa = PBXFileReference; lastKnownFileType = folder.assetcatalog; path = Assets.xcassets; sourceTree = "<group>"; };
		FB95C65824644D85002C7E83 /* Base */ = {isa = PBXFileReference; lastKnownFileType = file.storyboard; name = Base; path = Base.lproj/LaunchScreen.storyboard; sourceTree = "<group>"; };
		FB95C65A24644D85002C7E83 /* Info.plist */ = {isa = PBXFileReference; lastKnownFileType = text.plist.xml; path = Info.plist; sourceTree = "<group>"; };
		FB95C65F24644D85002C7E83 /* weatherAppTests.xctest */ = {isa = PBXFileReference; explicitFileType = wrapper.cfbundle; includeInIndex = 0; path = weatherAppTests.xctest; sourceTree = BUILT_PRODUCTS_DIR; };
		FB95C66324644D85002C7E83 /* weatherAppTests.swift */ = {isa = PBXFileReference; lastKnownFileType = sourcecode.swift; path = weatherAppTests.swift; sourceTree = "<group>"; };
		FB95C66524644D85002C7E83 /* Info.plist */ = {isa = PBXFileReference; lastKnownFileType = text.plist.xml; path = Info.plist; sourceTree = "<group>"; };
		FB95C66A24644D85002C7E83 /* weatherAppUITests.xctest */ = {isa = PBXFileReference; explicitFileType = wrapper.cfbundle; includeInIndex = 0; path = weatherAppUITests.xctest; sourceTree = BUILT_PRODUCTS_DIR; };
		FB95C66E24644D85002C7E83 /* weatherAppUITests.swift */ = {isa = PBXFileReference; lastKnownFileType = sourcecode.swift; path = weatherAppUITests.swift; sourceTree = "<group>"; };
		FB95C67024644D85002C7E83 /* Info.plist */ = {isa = PBXFileReference; lastKnownFileType = text.plist.xml; path = Info.plist; sourceTree = "<group>"; };
		FB95C67C246B220F002C7E83 /* unnamed.png */ = {isa = PBXFileReference; lastKnownFileType = image.png; path = unnamed.png; sourceTree = "<group>"; };
/* End PBXFileReference section */

/* Begin PBXFrameworksBuildPhase section */
		FB95C64624644D83002C7E83 /* Frameworks */ = {
			isa = PBXFrameworksBuildPhase;
			buildActionMask = 2147483647;
			files = (
			);
			runOnlyForDeploymentPostprocessing = 0;
		};
		FB95C65C24644D85002C7E83 /* Frameworks */ = {
			isa = PBXFrameworksBuildPhase;
			buildActionMask = 2147483647;
			files = (
			);
			runOnlyForDeploymentPostprocessing = 0;
		};
		FB95C66724644D85002C7E83 /* Frameworks */ = {
			isa = PBXFrameworksBuildPhase;
			buildActionMask = 2147483647;
			files = (
			);
			runOnlyForDeploymentPostprocessing = 0;
		};
/* End PBXFrameworksBuildPhase section */

/* Begin PBXGroup section */
		FB95C64024644D83002C7E83 = {
			isa = PBXGroup;
			children = (
				FB95C64B24644D83002C7E83 /* weatherApp */,
				FB95C66224644D85002C7E83 /* weatherAppTests */,
				FB95C66D24644D85002C7E83 /* weatherAppUITests */,
				FB95C64A24644D83002C7E83 /* Products */,
			);
			sourceTree = "<group>";
		};
		FB95C64A24644D83002C7E83 /* Products */ = {
			isa = PBXGroup;
			children = (
				FB95C64924644D83002C7E83 /* weatherApp.app */,
				FB95C65F24644D85002C7E83 /* weatherAppTests.xctest */,
				FB95C66A24644D85002C7E83 /* weatherAppUITests.xctest */,
			);
			name = Products;
			sourceTree = "<group>";
		};
		FB95C64B24644D83002C7E83 /* weatherApp */ = {
			isa = PBXGroup;
			children = (
				FB95C64C24644D83002C7E83 /* AppDelegate.swift */,
				FB95C64E24644D83002C7E83 /* SceneDelegate.swift */,
				FB95C65024644D83002C7E83 /* ViewController.swift */,
				FB95C65224644D83002C7E83 /* Main.storyboard */,
				FB95C65524644D85002C7E83 /* Assets.xcassets */,
				FB95C67C246B220F002C7E83 /* unnamed.png */,
				FB95C65724644D85002C7E83 /* LaunchScreen.storyboard */,
				FB95C65A24644D85002C7E83 /* Info.plist */,
			);
			path = weatherApp;
			sourceTree = "<group>";
		};
		FB95C66224644D85002C7E83 /* weatherAppTests */ = {
			isa = PBXGroup;
			children = (
				FB95C66324644D85002C7E83 /* weatherAppTests.swift */,
				FB95C66524644D85002C7E83 /* Info.plist */,
			);
			path = weatherAppTests;
			sourceTree = "<group>";
		};
		FB95C66D24644D85002C7E83 /* weatherAppUITests */ = {
			isa = PBXGroup;
			children = (
				FB95C66E24644D85002C7E83 /* weatherAppUITests.swift */,
				FB95C67024644D85002C7E83 /* Info.plist */,
			);
			path = weatherAppUITests;
			sourceTree = "<group>";
		};
/* End PBXGroup section */

/* Begin PBXNativeTarget section */
		FB95C64824644D83002C7E83 /* weatherApp */ = {
			isa = PBXNativeTarget;
			buildConfigurationList = FB95C67324644D85002C7E83 /* Build configuration list for PBXNativeTarget "weatherApp" */;
			buildPhases = (
				FB95C64524644D83002C7E83 /* Sources */,
				FB95C64624644D83002C7E83 /* Frameworks */,
				FB95C64724644D83002C7E83 /* Resources */,
			);
			buildRules = (
			);
			dependencies = (
			);
			name = weatherApp;
			productName = weatherApp;
			productReference = FB95C64924644D83002C7E83 /* weatherApp.app */;
			productType = "com.apple.product-type.application";
		};
		FB95C65E24644D85002C7E83 /* weatherAppTests */ = {
			isa = PBXNativeTarget;
			buildConfigurationList = FB95C67624644D85002C7E83 /* Build configuration list for PBXNativeTarget "weatherAppTests" */;
			buildPhases = (
				FB95C65B24644D85002C7E83 /* Sources */,
				FB95C65C24644D85002C7E83 /* Frameworks */,
				FB95C65D24644D85002C7E83 /* Resources */,
			);
			buildRules = (
			);
			dependencies = (
				FB95C66124644D85002C7E83 /* PBXTargetDependency */,
			);
			name = weatherAppTests;
			productName = weatherAppTests;
			productReference = FB95C65F24644D85002C7E83 /* weatherAppTests.xctest */;
			productType = "com.apple.product-type.bundle.unit-test";
		};
		FB95C66924644D85002C7E83 /* weatherAppUITests */ = {
			isa = PBXNativeTarget;
			buildConfigurationList = FB95C67924644D85002C7E83 /* Build configuration list for PBXNativeTarget "weatherAppUITests" */;
			buildPhases = (
				FB95C66624644D85002C7E83 /* Sources */,
				FB95C66724644D85002C7E83 /* Frameworks */,
				FB95C66824644D85002C7E83 /* Resources */,
			);
			buildRules = (
			);
			dependencies = (
				FB95C66C24644D85002C7E83 /* PBXTargetDependency */,
			);
			name = weatherAppUITests;
			productName = weatherAppUITests;
			productReference = FB95C66A24644D85002C7E83 /* weatherAppUITests.xctest */;
			productType = "com.apple.product-type.bundle.ui-testing";
		};
/* End PBXNativeTarget section */

/* Begin PBXProject section */
		FB95C64124644D83002C7E83 /* Project object */ = {
			isa = PBXProject;
			attributes = {
				LastSwiftUpdateCheck = 1130;
				LastUpgradeCheck = 1130;
				ORGANIZATIONNAME = "Adam Jackrel";
				TargetAttributes = {
					FB95C64824644D83002C7E83 = {
						CreatedOnToolsVersion = 11.3.1;
					};
					FB95C65E24644D85002C7E83 = {
						CreatedOnToolsVersion = 11.3.1;
						TestTargetID = FB95C64824644D83002C7E83;
					};
					FB95C66924644D85002C7E83 = {
						CreatedOnToolsVersion = 11.3.1;
						TestTargetID = FB95C64824644D83002C7E83;
					};
				};
			};
			buildConfigurationList = FB95C64424644D83002C7E83 /* Build configuration list for PBXProject "weatherApp" */;
			compatibilityVersion = "Xcode 9.3";
			developmentRegion = en;
			hasScannedForEncodings = 0;
			knownRegions = (
				en,
				Base,
			);
			mainGroup = FB95C64024644D83002C7E83;
			productRefGroup = FB95C64A24644D83002C7E83 /* Products */;
			projectDirPath = "";
			projectRoot = "";
			targets = (
				FB95C64824644D83002C7E83 /* weatherApp */,
				FB95C65E24644D85002C7E83 /* weatherAppTests */,
				FB95C66924644D85002C7E83 /* weatherAppUITests */,
			);
		};
/* End PBXProject section */

/* Begin PBXResourcesBuildPhase section */
		FB95C64724644D83002C7E83 /* Resources */ = {
			isa = PBXResourcesBuildPhase;
			buildActionMask = 2147483647;
			files = (
				FB95C65924644D85002C7E83 /* LaunchScreen.storyboard in Resources */,
				FB95C65624644D85002C7E83 /* Assets.xcassets in Resources */,
				FB95C67D246B220F002C7E83 /* unnamed.png in Resources */,
				FB95C65424644D83002C7E83 /* Main.storyboard in Resources */,
			);
			runOnlyForDeploymentPostprocessing = 0;
		};
		FB95C65D24644D85002C7E83 /* Resources */ = {
			isa = PBXResourcesBuildPhase;
			buildActionMask = 2147483647;
			files = (
			);
			runOnlyForDeploymentPostprocessing = 0;
		};
		FB95C66824644D85002C7E83 /* Resources */ = {
			isa = PBXResourcesBuildPhase;
			buildActionMask = 2147483647;
			files = (
			);
			runOnlyForDeploymentPostprocessing = 0;
		};
/* End PBXResourcesBuildPhase section */

/* Begin PBXSourcesBuildPhase section */
		FB95C64524644D83002C7E83 /* Sources */ = {
			isa = PBXSourcesBuildPhase;
			buildActionMask = 2147483647;
			files = (
				FB95C65124644D83002C7E83 /* ViewController.swift in Sources */,
				FB95C64D24644D83002C7E83 /* AppDelegate.swift in Sources */,
				FB95C64F24644D83002C7E83 /* SceneDelegate.swift in Sources */,
			);
			runOnlyForDeploymentPostprocessing = 0;
		};
		FB95C65B24644D85002C7E83 /* Sources */ = {
			isa = PBXSourcesBuildPhase;
			buildActionMask = 2147483647;
			files = (
				FB95C66424644D85002C7E83 /* weatherAppTests.swift in Sources */,
			);
			runOnlyForDeploymentPostprocessing = 0;
		};
		FB95C66624644D85002C7E83 /* Sources */ = {
			isa = PBXSourcesBuildPhase;
			buildActionMask = 2147483647;
			files = (
				FB95C66F24644D85002C7E83 /* weatherAppUITests.swift in Sources */,
			);
			runOnlyForDeploymentPostprocessing = 0;
		};
/* End PBXSourcesBuildPhase section */

/* Begin PBXTargetDependency section */
		FB95C66124644D85002C7E83 /* PBXTargetDependency */ = {
			isa = PBXTargetDependency;
			target = FB95C64824644D83002C7E83 /* weatherApp */;
			targetProxy = FB95C66024644D85002C7E83 /* PBXContainerItemProxy */;
		};
		FB95C66C24644D85002C7E83 /* PBXTargetDependency */ = {
			isa = PBXTargetDependency;
			target = FB95C64824644D83002C7E83 /* weatherApp */;
			targetProxy = FB95C66B24644D85002C7E83 /* PBXContainerItemProxy */;
		};
/* End PBXTargetDependency section */

/* Begin PBXVariantGroup section */
		FB95C65224644D83002C7E83 /* Main.storyboard */ = {
			isa = PBXVariantGroup;
			children = (
				FB95C65324644D83002C7E83 /* Base */,
			);
			name = Main.storyboard;
			sourceTree = "<group>";
		};
		FB95C65724644D85002C7E83 /* LaunchScreen.storyboard */ = {
			isa = PBXVariantGroup;
			children = (
				FB95C65824644D85002C7E83 /* Base */,
			);
			name = LaunchScreen.storyboard;
			sourceTree = "<group>";
		};
/* End PBXVariantGroup section */

/* Begin XCBuildConfiguration section */
		FB95C67124644D85002C7E83 /* Debug */ = {
			isa = XCBuildConfiguration;
			buildSettings = {
				ALWAYS_SEARCH_USER_PATHS = NO;
				CLANG_ANALYZER_NONNULL = YES;
				CLANG_ANALYZER_NUMBER_OBJECT_CONVERSION = YES_AGGRESSIVE;
				CLANG_CXX_LANGUAGE_STANDARD = "gnu++14";
				CLANG_CXX_LIBRARY = "libc++";
				CLANG_ENABLE_MODULES = YES;
				CLANG_ENABLE_OBJC_ARC = YES;
				CLANG_ENABLE_OBJC_WEAK = YES;
				CLANG_WARN_BLOCK_CAPTURE_AUTORELEASING = YES;
				CLANG_WARN_BOOL_CONVERSION = YES;
				CLANG_WARN_COMMA = YES;
				CLANG_WARN_CONSTANT_CONVERSION = YES;
				CLANG_WARN_DEPRECATED_OBJC_IMPLEMENTATIONS = YES;
				CLANG_WARN_DIRECT_OBJC_ISA_USAGE = YES_ERROR;
				CLANG_WARN_DOCUMENTATION_COMMENTS = YES;
				CLANG_WARN_EMPTY_BODY = YES;
				CLANG_WARN_ENUM_CONVERSION = YES;
				CLANG_WARN_INFINITE_RECURSION = YES;
				CLANG_WARN_INT_CONVERSION = YES;
				CLANG_WARN_NON_LITERAL_NULL_CONVERSION = YES;
				CLANG_WARN_OBJC_IMPLICIT_RETAIN_SELF = YES;
				CLANG_WARN_OBJC_LITERAL_CONVERSION = YES;
				CLANG_WARN_OBJC_ROOT_CLASS = YES_ERROR;
				CLANG_WARN_RANGE_LOOP_ANALYSIS = YES;
				CLANG_WARN_STRICT_PROTOTYPES = YES;
				CLANG_WARN_SUSPICIOUS_MOVE = YES;
				CLANG_WARN_UNGUARDED_AVAILABILITY = YES_AGGRESSIVE;
				CLANG_WARN_UNREACHABLE_CODE = YES;
				CLANG_WARN__DUPLICATE_METHOD_MATCH = YES;
				COPY_PHASE_STRIP = NO;
				DEBUG_INFORMATION_FORMAT = dwarf;
				ENABLE_STRICT_OBJC_MSGSEND = YES;
				ENABLE_TESTABILITY = YES;
				GCC_C_LANGUAGE_STANDARD = gnu11;
				GCC_DYNAMIC_NO_PIC = NO;
				GCC_NO_COMMON_BLOCKS = YES;
				GCC_OPTIMIZATION_LEVEL = 0;
				GCC_PREPROCESSOR_DEFINITIONS = (
					"DEBUG=1",
					"$(inherited)",
				);
				GCC_WARN_64_TO_32_BIT_CONVERSION = YES;
				GCC_WARN_ABOUT_RETURN_TYPE = YES_ERROR;
				GCC_WARN_UNDECLARED_SELECTOR = YES;
				GCC_WARN_UNINITIALIZED_AUTOS = YES_AGGRESSIVE;
				GCC_WARN_UNUSED_FUNCTION = YES;
				GCC_WARN_UNUSED_VARIABLE = YES;
				IPHONEOS_DEPLOYMENT_TARGET = 13.2;
				MTL_ENABLE_DEBUG_INFO = INCLUDE_SOURCE;
				MTL_FAST_MATH = YES;
				ONLY_ACTIVE_ARCH = YES;
				SDKROOT = iphoneos;
				SWIFT_ACTIVE_COMPILATION_CONDITIONS = DEBUG;
				SWIFT_OPTIMIZATION_LEVEL = "-Onone";
			};
			name = Debug;
		};
		FB95C67224644D85002C7E83 /* Release */ = {
			isa = XCBuildConfiguration;
			buildSettings = {
				ALWAYS_SEARCH_USER_PATHS = NO;
				CLANG_ANALYZER_NONNULL = YES;
				CLANG_ANALYZER_NUMBER_OBJECT_CONVERSION = YES_AGGRESSIVE;
				CLANG_CXX_LANGUAGE_STANDARD = "gnu++14";
				CLANG_CXX_LIBRARY = "libc++";
				CLANG_ENABLE_MODULES = YES;
				CLANG_ENABLE_OBJC_ARC = YES;
				CLANG_ENABLE_OBJC_WEAK = YES;
				CLANG_WARN_BLOCK_CAPTURE_AUTORELEASING = YES;
				CLANG_WARN_BOOL_CONVERSION = YES;
				CLANG_WARN_COMMA = YES;
				CLANG_WARN_CONSTANT_CONVERSION = YES;
				CLANG_WARN_DEPRECATED_OBJC_IMPLEMENTATIONS = YES;
				CLANG_WARN_DIRECT_OBJC_ISA_USAGE = YES_ERROR;
				CLANG_WARN_DOCUMENTATION_COMMENTS = YES;
				CLANG_WARN_EMPTY_BODY = YES;
				CLANG_WARN_ENUM_CONVERSION = YES;
				CLANG_WARN_INFINITE_RECURSION = YES;
				CLANG_WARN_INT_CONVERSION = YES;
				CLANG_WARN_NON_LITERAL_NULL_CONVERSION = YES;
				CLANG_WARN_OBJC_IMPLICIT_RETAIN_SELF = YES;
				CLANG_WARN_OBJC_LITERAL_CONVERSION = YES;
				CLANG_WARN_OBJC_ROOT_CLASS = YES_ERROR;
				CLANG_WARN_RANGE_LOOP_ANALYSIS = YES;
				CLANG_WARN_STRICT_PROTOTYPES = YES;
				CLANG_WARN_SUSPICIOUS_MOVE = YES;
				CLANG_WARN_UNGUARDED_AVAILABILITY = YES_AGGRESSIVE;
				CLANG_WARN_UNREACHABLE_CODE = YES;
				CLANG_WARN__DUPLICATE_METHOD_MATCH = YES;
				COPY_PHASE_STRIP = NO;
				DEBUG_INFORMATION_FORMAT = "dwarf-with-dsym";
				ENABLE_NS_ASSERTIONS = NO;
				ENABLE_STRICT_OBJC_MSGSEND = YES;
				GCC_C_LANGUAGE_STANDARD = gnu11;
				GCC_NO_COMMON_BLOCKS = YES;
				GCC_WARN_64_TO_32_BIT_CONVERSION = YES;
				GCC_WARN_ABOUT_RETURN_TYPE = YES_ERROR;
				GCC_WARN_UNDECLARED_SELECTOR = YES;
				GCC_WARN_UNINITIALIZED_AUTOS = YES_AGGRESSIVE;
				GCC_WARN_UNUSED_FUNCTION = YES;
				GCC_WARN_UNUSED_VARIABLE = YES;
				IPHONEOS_DEPLOYMENT_TARGET = 13.2;
				MTL_ENABLE_DEBUG_INFO = NO;
				MTL_FAST_MATH = YES;
				SDKROOT = iphoneos;
				SWIFT_COMPILATION_MODE = wholemodule;
				SWIFT_OPTIMIZATION_LEVEL = "-O";
				VALIDATE_PRODUCT = YES;
			};
			name = Release;
		};
		FB95C67424644D85002C7E83 /* Debug */ = {
			isa = XCBuildConfiguration;
			buildSettings = {
				ASSETCATALOG_COMPILER_APPICON_NAME = AppIcon;
				CODE_SIGN_STYLE = Automatic;
				INFOPLIST_FILE = weatherApp/Info.plist;
				LD_RUNPATH_SEARCH_PATHS = (
					"$(inherited)",
					"@executable_path/Frameworks",
				);
				PRODUCT_BUNDLE_IDENTIFIER = com.adamjackrel.weatherApp;
				PRODUCT_NAME = "$(TARGET_NAME)";
				SWIFT_VERSION = 5.0;
				TARGETED_DEVICE_FAMILY = "1,2";
			};
			name = Debug;
		};
		FB95C67524644D85002C7E83 /* Release */ = {
			isa = XCBuildConfiguration;
			buildSettings = {
				ASSETCATALOG_COMPILER_APPICON_NAME = AppIcon;
				CODE_SIGN_STYLE = Automatic;
				INFOPLIST_FILE = weatherApp/Info.plist;
				LD_RUNPATH_SEARCH_PATHS = (
					"$(inherited)",
					"@executable_path/Frameworks",
				);
				PRODUCT_BUNDLE_IDENTIFIER = com.adamjackrel.weatherApp;
				PRODUCT_NAME = "$(TARGET_NAME)";
				SWIFT_VERSION = 5.0;
				TARGETED_DEVICE_FAMILY = "1,2";
			};
			name = Release;
		};
		FB95C67724644D85002C7E83 /* Debug */ = {
			isa = XCBuildConfiguration;
			buildSettings = {
				ALWAYS_EMBED_SWIFT_STANDARD_LIBRARIES = YES;
				BUNDLE_LOADER = "$(TEST_HOST)";
				CODE_SIGN_STYLE = Automatic;
				INFOPLIST_FILE = weatherAppTests/Info.plist;
				IPHONEOS_DEPLOYMENT_TARGET = 13.2;
				LD_RUNPATH_SEARCH_PATHS = (
					"$(inherited)",
					"@executable_path/Frameworks",
					"@loader_path/Frameworks",
				);
				PRODUCT_BUNDLE_IDENTIFIER = com.adamjackrel.weatherAppTests;
				PRODUCT_NAME = "$(TARGET_NAME)";
				SWIFT_VERSION = 5.0;
				TARGETED_DEVICE_FAMILY = "1,2";
				TEST_HOST = "$(BUILT_PRODUCTS_DIR)/weatherApp.app/weatherApp";
			};
			name = Debug;
		};
		FB95C67824644D85002C7E83 /* Release */ = {
			isa = XCBuildConfiguration;
			buildSettings = {
				ALWAYS_EMBED_SWIFT_STANDARD_LIBRARIES = YES;
				BUNDLE_LOADER = "$(TEST_HOST)";
				CODE_SIGN_STYLE = Automatic;
				INFOPLIST_FILE = weatherAppTests/Info.plist;
				IPHONEOS_DEPLOYMENT_TARGET = 13.2;
				LD_RUNPATH_SEARCH_PATHS = (
					"$(inherited)",
					"@executable_path/Frameworks",
					"@loader_path/Frameworks",
				);
				PRODUCT_BUNDLE_IDENTIFIER = com.adamjackrel.weatherAppTests;
				PRODUCT_NAME = "$(TARGET_NAME)";
				SWIFT_VERSION = 5.0;
				TARGETED_DEVICE_FAMILY = "1,2";
				TEST_HOST = "$(BUILT_PRODUCTS_DIR)/weatherApp.app/weatherApp";
			};
			name = Release;
		};
		FB95C67A24644D85002C7E83 /* Debug */ = {
			isa = XCBuildConfiguration;
			buildSettings = {
				ALWAYS_EMBED_SWIFT_STANDARD_LIBRARIES = YES;
				CODE_SIGN_STYLE = Automatic;
				INFOPLIST_FILE = weatherAppUITests/Info.plist;
				LD_RUNPATH_SEARCH_PATHS = (
					"$(inherited)",
					"@executable_path/Frameworks",
					"@loader_path/Frameworks",
				);
				PRODUCT_BUNDLE_IDENTIFIER = com.adamjackrel.weatherAppUITests;
				PRODUCT_NAME = "$(TARGET_NAME)";
				SWIFT_VERSION = 5.0;
				TARGETED_DEVICE_FAMILY = "1,2";
				TEST_TARGET_NAME = weatherApp;
			};
			name = Debug;
		};
		FB95C67B24644D85002C7E83 /* Release */ = {
			isa = XCBuildConfiguration;
			buildSettings = {
				ALWAYS_EMBED_SWIFT_STANDARD_LIBRARIES = YES;
				CODE_SIGN_STYLE = Automatic;
				INFOPLIST_FILE = weatherAppUITests/Info.plist;
				LD_RUNPATH_SEARCH_PATHS = (
					"$(inherited)",
					"@executable_path/Frameworks",
					"@loader_path/Frameworks",
				);
				PRODUCT_BUNDLE_IDENTIFIER = com.adamjackrel.weatherAppUITests;
				PRODUCT_NAME = "$(TARGET_NAME)";
				SWIFT_VERSION = 5.0;
				TARGETED_DEVICE_FAMILY = "1,2";
				TEST_TARGET_NAME = weatherApp;
			};
			name = Release;
		};
/* End XCBuildConfiguration section */

/* Begin XCConfigurationList section */
		FB95C64424644D83002C7E83 /* Build configuration list for PBXProject "weatherApp" */ = {
			isa = XCConfigurationList;
			buildConfigurations = (
				FB95C67124644D85002C7E83 /* Debug */,
				FB95C67224644D85002C7E83 /* Release */,
			);
			defaultConfigurationIsVisible = 0;
			defaultConfigurationName = Release;
		};
		FB95C67324644D85002C7E83 /* Build configuration list for PBXNativeTarget "weatherApp" */ = {
			isa = XCConfigurationList;
			buildConfigurations = (
				FB95C67424644D85002C7E83 /* Debug */,
				FB95C67524644D85002C7E83 /* Release */,
			);
			defaultConfigurationIsVisible = 0;
			defaultConfigurationName = Release;
		};
		FB95C67624644D85002C7E83 /* Build configuration list for PBXNativeTarget "weatherAppTests" */ = {
			isa = XCConfigurationList;
			buildConfigurations = (
				FB95C67724644D85002C7E83 /* Debug */,
				FB95C67824644D85002C7E83 /* Release */,
			);
			defaultConfigurationIsVisible = 0;
			defaultConfigurationName = Release;
		};
		FB95C67924644D85002C7E83 /* Build configuration list for PBXNativeTarget "weatherAppUITests" */ = {
			isa = XCConfigurationList;
			buildConfigurations = (
				FB95C67A24644D85002C7E83 /* Debug */,
				FB95C67B24644D85002C7E83 /* Release */,
			);
			defaultConfigurationIsVisible = 0;
			defaultConfigurationName = Release;
		};
/* End XCConfigurationList section */
	};
	rootObject = FB95C64124644D83002C7E83 /* Project object */;
}
